
Microsoft Visual Studio Solution File, Format Version 12.00
# Visual Studio Version 17
VisualStudioVersion = 17.7.34018.315
MinimumVisualStudioVersion = 10.0.40219.1
Project("{9A19103F-16F7-4668-BE54-9A1E7A4F7556}") = "ContactManagementSystem", "ContactManagementSystem\ContactManagementSystem.csproj", "{0458A515-85A0-4F03-BDCB-7424EDF73D65}"
EndProject
Project("{FAE04EC0-301F-11D3-BF4B-00C04F79EFBC}") = "ToDoList", "ToDoList\ToDoList.csproj", "{073261C2-9317-4738-9D09-6E3F2439FB8D}"
EndProject
Project("{FAE04EC0-301F-11D3-BF4B-00C04F79EFBC}") = "LibraryManagementSystem", "LibraryManagementSystem\LibraryManagementSystem.csproj", "{B762CF4D-67FA-415F-A974-A3B69F6B0957}"
EndProject
Global
	GlobalSection(SolutionConfigurationPlatforms) = preSolution
		Debug|Any CPU = Debug|Any CPU
		Release|Any CPU = Release|Any CPU
	EndGlobalSection
	GlobalSection(ProjectConfigurationPlatforms) = postSolution
		{0458A515-85A0-4F03-BDCB-7424EDF73D65}.Debug|Any CPU.ActiveCfg = Debug|Any CPU
		{0458A515-85A0-4F03-BDCB-7424EDF73D65}.Release|Any CPU.ActiveCfg = Release|Any CPU
		{0458A515-85A0-4F03-BDCB-7424EDF73D65}.Release|Any CPU.Build.0 = Release|Any CPU
		{073261C2-9317-4738-9D09-6E3F2439FB8D}.Debug|Any CPU.ActiveCfg = Debug|Any CPU
		{073261C2-9317-4738-9D09-6E3F2439FB8D}.Release|Any CPU.ActiveCfg = Release|Any CPU
		{073261C2-9317-4738-9D09-6E3F2439FB8D}.Release|Any CPU.Build.0 = Release|Any CPU
		{B762CF4D-67FA-415F-A974-A3B69F6B0957}.Debug|Any CPU.ActiveCfg = Debug|Any CPU
		{B762CF4D-67FA-415F-A974-A3B69F6B0957}.Debug|Any CPU.Build.0 = Debug|Any CPU
		{B762CF4D-67FA-415F-A974-A3B69F6B0957}.Release|Any CPU.ActiveCfg = Release|Any CPU
		{B762CF4D-67FA-415F-A974-A3B69F6B0957}.Release|Any CPU.Build.0 = Release|Any CPU
	EndGlobalSection
	GlobalSection(SolutionProperties) = preSolution
		HideSolutionNode = FALSE
	EndGlobalSection
	GlobalSection(ExtensibilityGlobals) = postSolution
		SolutionGuid = {BDC0B4C5-6592-473B-B9C9-DAD32FFE571F}
	EndGlobalSection
EndGlobal
